<?xml version="1.0" encoding="utf-8"?>
<Project ToolsVersion="4.0" xmlns="http://schemas.microsoft.com/developer/msbuild/2003">
  <ItemGroup>
    <Filter Include="01.image">
      <UniqueIdentifier>{29fa8fac-fc99-439e-8b8d-8ca65bc9cfba}</UniqueIdentifier>
    </Filter>
    <Filter Include="06.complex">
      <UniqueIdentifier>{f8205792-9f0d-430e-8116-8db0d6a624ce}</UniqueIdentifier>
    </Filter>
    <Filter Include="spr">
      <UniqueIdentifier>{c3fe80ec-0984-40f3-bf05-310ce31ec288}</UniqueIdentifier>
    </Filter>
    <Filter Include="sym">
      <UniqueIdentifier>{2fdedfd8-0d1c-460a-8f77-3d3bf14b5ae1}</UniqueIdentifier>
    </Filter>
    <Filter Include="15.model">
      <UniqueIdentifier>{e79d42c4-01ac-4aa9-9644-434304128a7b}</UniqueIdentifier>
    </Filter>
    <Filter Include="05.textbox">
      <UniqueIdentifier>{7f90fe13-7571-438e-9346-0b60fc9cfe6f}</UniqueIdentifier>
    </Filter>
    <Filter Include="07.anim">
      <UniqueIdentifier>{2ef4a97d-ae29-427f-98d5-acba28b38a36}</UniqueIdentifier>
    </Filter>
    <Filter Include="02.scale9">
      <UniqueIdentifier>{7d8ab9be-2a58-4795-8c38-5675f10c5af0}</UniqueIdentifier>
    </Filter>
    <Filter Include="03.icon">
      <UniqueIdentifier>{93bdf0ed-8a8a-40e7-ab0b-5aa408f5623a}</UniqueIdentifier>
    </Filter>
    <Filter Include="04.texture">
      <UniqueIdentifier>{b97c1d57-ec44-4d6c-ace4-665ca80d823b}</UniqueIdentifier>
    </Filter>
    <Filter Include="tools">
      <UniqueIdentifier>{a6e6e792-7083-4c81-be82-604b9da5ffd0}</UniqueIdentifier>
    </Filter>
  </ItemGroup>
  <ItemGroup>
    <ClInclude Include="..\..\..\include\sns\ImageSpr.h">
      <Filter>01.image</Filter>
    </ClInclude>
    <ClInclude Include="..\..\..\include\sns\ComplexSym.h">
      <Filter>06.complex</Filter>
    </ClInclude>
    <ClInclude Include="..\..\..\include\sns\NodeType.h" />
    <ClInclude Include="..\..\..\include\sns\NodeFactory.h" />
    <ClInclude Include="..\..\..\include\sns\ComplexSpr.h">
      <Filter>06.complex</Filter>
    </ClInclude>
    <ClInclude Include="..\..\..\include\sns\NodeSpr.h">
      <Filter>spr</Filter>
    </ClInclude>
    <ClInclude Include="..\..\..\include\sns\ColorParser.h">
      <Filter>spr</Filter>
    </ClInclude>
    <ClInclude Include="..\..\..\include\sns\NodeSym.h">
      <Filter>sym</Filter>
    </ClInclude>
    <ClInclude Include="..\..\..\include\sns\TextboxSpr.h">
      <Filter>05.textbox</Filter>
    </ClInclude>
    <ClInclude Include="..\..\..\include\sns\Textbox.h">
      <Filter>05.textbox</Filter>
    </ClInclude>
    <ClInclude Include="..\..\..\include\sns\NodeSprCommon.h">
      <Filter>spr</Filter>
    </ClInclude>
    <ClInclude Include="..\..\..\include\sns\TexturePacker.h">
      <Filter>01.image</Filter>
    </ClInclude>
    <ClInclude Include="..\..\..\include\sns\AnimSpr.h">
      <Filter>07.anim</Filter>
    </ClInclude>
    <ClInclude Include="..\..\..\include\sns\AnimSym.h">
      <Filter>07.anim</Filter>
    </ClInclude>
    <ClInclude Include="..\..\..\include\sns\Scale9Sym.h">
      <Filter>02.scale9</Filter>
    </ClInclude>
    <ClInclude Include="..\..\..\include\sns\Scale9Spr.h">
      <Filter>02.scale9</Filter>
    </ClInclude>
    <ClInclude Include="..\..\..\include\sns\IconSym.h">
      <Filter>03.icon</Filter>
    </ClInclude>
    <ClInclude Include="..\..\..\include\sns\IconSpr.h">
      <Filter>03.icon</Filter>
    </ClInclude>
    <ClInclude Include="..\..\..\include\sns\Utility.h">
      <Filter>tools</Filter>
    </ClInclude>
  </ItemGroup>
  <ItemGroup>
    <ClCompile Include="..\..\..\source\ImageSpr.cpp">
      <Filter>01.image</Filter>
    </ClCompile>
    <ClCompile Include="..\..\..\source\ComplexSym.cpp">
      <Filter>06.complex</Filter>
    </ClCompile>
    <ClCompile Include="..\..\..\source\NodeFactory.cpp" />
    <ClCompile Include="..\..\..\source\ComplexSpr.cpp">
      <Filter>06.complex</Filter>
    </ClCompile>
    <ClCompile Include="..\..\..\source\ColorParser.cpp">
      <Filter>spr</Filter>
    </ClCompile>
    <ClCompile Include="..\..\..\source\TextboxSpr.cpp">
      <Filter>05.textbox</Filter>
    </ClCompile>
    <ClCompile Include="..\..\..\source\Textbox.cpp">
      <Filter>05.textbox</Filter>
    </ClCompile>
    <ClCompile Include="..\..\..\source\NodeSprCommon.cpp">
      <Filter>spr</Filter>
    </ClCompile>
    <ClCompile Include="..\..\..\source\NodeSpr.cpp">
      <Filter>spr</Filter>
    </ClCompile>
    <ClCompile Include="..\..\..\source\TexturePacker.cpp">
      <Filter>01.image</Filter>
    </ClCompile>
    <ClCompile Include="..\..\..\source\AnimSpr.cpp">
      <Filter>07.anim</Filter>
    </ClCompile>
    <ClCompile Include="..\..\..\source\AnimSym.cpp">
      <Filter>07.anim</Filter>
    </ClCompile>
    <ClCompile Include="..\..\..\source\Scale9Sym.cpp">
      <Filter>02.scale9</Filter>
    </ClCompile>
    <ClCompile Include="..\..\..\source\Scale9Spr.cpp">
      <Filter>02.scale9</Filter>
    </ClCompile>
    <ClCompile Include="..\..\..\source\IconSym.cpp">
      <Filter>03.icon</Filter>
    </ClCompile>
    <ClCompile Include="..\..\..\source\IconSpr.cpp">
      <Filter>03.icon</Filter>
    </ClCompile>
    <ClCompile Include="..\..\..\source\Utility.cpp">
      <Filter>tools</Filter>
    </ClCompile>
  </ItemGroup>
  <ItemGroup>
    <None Include="..\..\..\include\sns\ColorParser.inl">
      <Filter>spr</Filter>
    </None>
  </ItemGroup>
</Project>